
Microsoft Visual Studio Solution File, Format Version 12.00
# Visual Studio Version 16
VisualStudioVersion = 16.0.31605.320
MinimumVisualStudioVersion = 10.0.40219.1
Project("{FAE04EC0-301F-11D3-BF4B-00C04F79EFBC}") = "ejemplo.Common", "ejemplo.Common\ejemplo.Common.csproj", "{059AE96D-8A7F-4F7A-AE46-7634F219AA5A}"
EndProject
Project("{FAE04EC0-301F-11D3-BF4B-00C04F79EFBC}") = "ejemplo.Function", "ejemplo.Function\ejemplo.Function.csproj", "{175AB973-E197-4FA1-9896-21AA1B2DC49C}"
EndProject
Project("{FAE04EC0-301F-11D3-BF4B-00C04F79EFBC}") = "ejemplo.Test", "ejemplo.Test\ejemplo.Test.csproj", "{473EF96E-6463-49C7-B729-5F95F85687C2}"
EndProject
Global
	GlobalSection(SolutionConfigurationPlatforms) = preSolution
		Debug|Any CPU = Debug|Any CPU
		Release|Any CPU = Release|Any CPU
	EndGlobalSection
	GlobalSection(ProjectConfigurationPlatforms) = postSolution
		{059AE96D-8A7F-4F7A-AE46-7634F219AA5A}.Debug|Any CPU.ActiveCfg = Debug|Any CPU
		{059AE96D-8A7F-4F7A-AE46-7634F219AA5A}.Debug|Any CPU.Build.0 = Debug|Any CPU
		{059AE96D-8A7F-4F7A-AE46-7634F219AA5A}.Release|Any CPU.ActiveCfg = Release|Any CPU
		{059AE96D-8A7F-4F7A-AE46-7634F219AA5A}.Release|Any CPU.Build.0 = Release|Any CPU
		{175AB973-E197-4FA1-9896-21AA1B2DC49C}.Debug|Any CPU.ActiveCfg = Debug|Any CPU
		{175AB973-E197-4FA1-9896-21AA1B2DC49C}.Debug|Any CPU.Build.0 = Debug|Any CPU
		{175AB973-E197-4FA1-9896-21AA1B2DC49C}.Release|Any CPU.ActiveCfg = Release|Any CPU
		{175AB973-E197-4FA1-9896-21AA1B2DC49C}.Release|Any CPU.Build.0 = Release|Any CPU
		{473EF96E-6463-49C7-B729-5F95F85687C2}.Debug|Any CPU.ActiveCfg = Debug|Any CPU
		{473EF96E-6463-49C7-B729-5F95F85687C2}.Debug|Any CPU.Build.0 = Debug|Any CPU
		{473EF96E-6463-49C7-B729-5F95F85687C2}.Release|Any CPU.ActiveCfg = Release|Any CPU
		{473EF96E-6463-49C7-B729-5F95F85687C2}.Release|Any CPU.Build.0 = Release|Any CPU
	EndGlobalSection
	GlobalSection(SolutionProperties) = preSolution
		HideSolutionNode = FALSE
	EndGlobalSection
	GlobalSection(ExtensibilityGlobals) = postSolution
		SolutionGuid = {0E94E6E8-5BBE-4481-952C-678FEC8B9986}
	EndGlobalSection
EndGlobal
